
Microsoft Visual Studio Solution File, Format Version 12.00
# Visual Studio Version 17
VisualStudioVersion = 17.14.36518.9 d17.14
MinimumVisualStudioVersion = 10.0.40219.1
Project("{FAE04EC0-301F-11D3-BF4B-00C04F79EFBC}") = "TeamCityPOC", "TeamCityPOC.csproj", "{194BE596-81E9-4EEF-A89C-8A823670755F}"
EndProject
Global
	GlobalSection(SolutionConfigurationPlatforms) = preSolution
		Debug|Any CPU = Debug|Any CPU
		Release|Any CPU = Release|Any CPU
	EndGlobalSection
	GlobalSection(ProjectConfigurationPlatforms) = postSolution
		{194BE596-81E9-4EEF-A89C-8A823670755F}.Debug|Any CPU.ActiveCfg = Debug|Any CPU
		{194BE596-81E9-4EEF-A89C-8A823670755F}.Debug|Any CPU.Build.0 = Debug|Any CPU
		{194BE596-81E9-4EEF-A89C-8A823670755F}.Release|Any CPU.ActiveCfg = Release|Any CPU
		{194BE596-81E9-4EEF-A89C-8A823670755F}.Release|Any CPU.Build.0 = Release|Any CPU
	EndGlobalSection
	GlobalSection(SolutionProperties) = preSolution
		HideSolutionNode = FALSE
	EndGlobalSection
	GlobalSection(ExtensibilityGlobals) = postSolution
		SolutionGuid = {4DF3A15A-B87D-4FF9-A6F1-322CD2DA9D6C}
	EndGlobalSection
EndGlobal
